
Microsoft Visual Studio Solution File, Format Version 12.00
# Visual Studio Version 16
VisualStudioVersion = 16.0.28803.202
MinimumVisualStudioVersion = 10.0.40219.1
Project("{FAE04EC0-301F-11D3-BF4B-00C04F79EFBC}") = "LeetCode", "LeetCode\LeetCode.csproj", "{506FF11A-F795-49F4-B831-06CFF03BD848}"
EndProject
Project("{FAE04EC0-301F-11D3-BF4B-00C04F79EFBC}") = "LeetCode.UnitTests", "LeetCode.UnitTests\LeetCode.UnitTests.csproj", "{E9C52A4F-0BF1-4F1B-A21A-C0EED0E15135}"
EndProject
Global
	GlobalSection(SolutionConfigurationPlatforms) = preSolution
		Debug|Any CPU = Debug|Any CPU
		Release|Any CPU = Release|Any CPU
	EndGlobalSection
	GlobalSection(ProjectConfigurationPlatforms) = postSolution
		{506FF11A-F795-49F4-B831-06CFF03BD848}.Debug|Any CPU.ActiveCfg = Debug|Any CPU
		{506FF11A-F795-49F4-B831-06CFF03BD848}.Debug|Any CPU.Build.0 = Debug|Any CPU
		{506FF11A-F795-49F4-B831-06CFF03BD848}.Release|Any CPU.ActiveCfg = Release|Any CPU
		{506FF11A-F795-49F4-B831-06CFF03BD848}.Release|Any CPU.Build.0 = Release|Any CPU
		{E9C52A4F-0BF1-4F1B-A21A-C0EED0E15135}.Debug|Any CPU.ActiveCfg = Debug|Any CPU
		{E9C52A4F-0BF1-4F1B-A21A-C0EED0E15135}.Debug|Any CPU.Build.0 = Debug|Any CPU
		{E9C52A4F-0BF1-4F1B-A21A-C0EED0E15135}.Release|Any CPU.ActiveCfg = Release|Any CPU
		{E9C52A4F-0BF1-4F1B-A21A-C0EED0E15135}.Release|Any CPU.Build.0 = Release|Any CPU
	EndGlobalSection
	GlobalSection(SolutionProperties) = preSolution
		HideSolutionNode = FALSE
	EndGlobalSection
	GlobalSection(ExtensibilityGlobals) = postSolution
		SolutionGuid = {1AFD86FD-F0F5-4CFF-9A11-8C793AFBC595}
	EndGlobalSection
EndGlobal
